
Microsoft Visual Studio Solution File, Format Version 12.00
# Visual Studio Version 17
VisualStudioVersion = 17.0.31912.275
MinimumVisualStudioVersion = 10.0.40219.1
Project("{FAE04EC0-301F-11D3-BF4B-00C04F79EFBC}") = "App2.Android", "App2\App2.Android\App2.Android.csproj", "{97814D20-BC4B-4B9B-A401-7EB647B3C824}"
EndProject
Project("{FAE04EC0-301F-11D3-BF4B-00C04F79EFBC}") = "App2.iOS", "App2\App2.iOS\App2.iOS.csproj", "{5CC23DFC-D1EF-4315-94B3-0C55DC597D5B}"
EndProject
Project("{FAE04EC0-301F-11D3-BF4B-00C04F79EFBC}") = "App2", "App2\App2\App2.csproj", "{68FD441F-6C5E-4E3D-ACAF-77ED94F4A2E9}"
EndProject
Global
	GlobalSection(SolutionConfigurationPlatforms) = preSolution
		Debug|Any CPU = Debug|Any CPU
		Debug|iPhone = Debug|iPhone
		Debug|iPhoneSimulator = Debug|iPhoneSimulator
		Release|Any CPU = Release|Any CPU
		Release|iPhone = Release|iPhone
		Release|iPhoneSimulator = Release|iPhoneSimulator
	EndGlobalSection
	GlobalSection(ProjectConfigurationPlatforms) = postSolution
		{97814D20-BC4B-4B9B-A401-7EB647B3C824}.Debug|Any CPU.ActiveCfg = Debug|Any CPU
		{97814D20-BC4B-4B9B-A401-7EB647B3C824}.Debug|Any CPU.Build.0 = Debug|Any CPU
		{97814D20-BC4B-4B9B-A401-7EB647B3C824}.Debug|Any CPU.Deploy.0 = Debug|Any CPU
		{97814D20-BC4B-4B9B-A401-7EB647B3C824}.Debug|iPhone.ActiveCfg = Debug|Any CPU
		{97814D20-BC4B-4B9B-A401-7EB647B3C824}.Debug|iPhone.Build.0 = Debug|Any CPU
		{97814D20-BC4B-4B9B-A401-7EB647B3C824}.Debug|iPhone.Deploy.0 = Debug|Any CPU
		{97814D20-BC4B-4B9B-A401-7EB647B3C824}.Debug|iPhoneSimulator.ActiveCfg = Debug|Any CPU
		{97814D20-BC4B-4B9B-A401-7EB647B3C824}.Debug|iPhoneSimulator.Build.0 = Debug|Any CPU
		{97814D20-BC4B-4B9B-A401-7EB647B3C824}.Debug|iPhoneSimulator.Deploy.0 = Debug|Any CPU
		{97814D20-BC4B-4B9B-A401-7EB647B3C824}.Release|Any CPU.ActiveCfg = Release|Any CPU
		{97814D20-BC4B-4B9B-A401-7EB647B3C824}.Release|Any CPU.Build.0 = Release|Any CPU
		{97814D20-BC4B-4B9B-A401-7EB647B3C824}.Release|Any CPU.Deploy.0 = Release|Any CPU
		{97814D20-BC4B-4B9B-A401-7EB647B3C824}.Release|iPhone.ActiveCfg = Release|Any CPU
		{97814D20-BC4B-4B9B-A401-7EB647B3C824}.Release|iPhone.Build.0 = Release|Any CPU
		{97814D20-BC4B-4B9B-A401-7EB647B3C824}.Release|iPhone.Deploy.0 = Release|Any CPU
		{97814D20-BC4B-4B9B-A401-7EB647B3C824}.Release|iPhoneSimulator.ActiveCfg = Release|Any CPU
		{97814D20-BC4B-4B9B-A401-7EB647B3C824}.Release|iPhoneSimulator.Build.0 = Release|Any CPU
		{97814D20-BC4B-4B9B-A401-7EB647B3C824}.Release|iPhoneSimulator.Deploy.0 = Release|Any CPU
		{5CC23DFC-D1EF-4315-94B3-0C55DC597D5B}.Debug|Any CPU.ActiveCfg = Debug|iPhone
		{5CC23DFC-D1EF-4315-94B3-0C55DC597D5B}.Debug|Any CPU.Build.0 = Debug|iPhone
		{5CC23DFC-D1EF-4315-94B3-0C55DC597D5B}.Debug|Any CPU.Deploy.0 = Debug|iPhone
		{5CC23DFC-D1EF-4315-94B3-0C55DC597D5B}.Debug|iPhone.ActiveCfg = Debug|iPhone
		{5CC23DFC-D1EF-4315-94B3-0C55DC597D5B}.Debug|iPhone.Build.0 = Debug|iPhone
		{5CC23DFC-D1EF-4315-94B3-0C55DC597D5B}.Debug|iPhone.Deploy.0 = Debug|iPhone
		{5CC23DFC-D1EF-4315-94B3-0C55DC597D5B}.Debug|iPhoneSimulator.ActiveCfg = Debug|iPhoneSimulator
		{5CC23DFC-D1EF-4315-94B3-0C55DC597D5B}.Debug|iPhoneSimulator.Build.0 = Debug|iPhoneSimulator
		{5CC23DFC-D1EF-4315-94B3-0C55DC597D5B}.Debug|iPhoneSimulator.Deploy.0 = Debug|iPhoneSimulator
		{5CC23DFC-D1EF-4315-94B3-0C55DC597D5B}.Release|Any CPU.ActiveCfg = Release|iPhoneSimulator
		{5CC23DFC-D1EF-4315-94B3-0C55DC597D5B}.Release|Any CPU.Build.0 = Release|iPhoneSimulator
		{5CC23DFC-D1EF-4315-94B3-0C55DC597D5B}.Release|Any CPU.Deploy.0 = Release|iPhoneSimulator
		{5CC23DFC-D1EF-4315-94B3-0C55DC597D5B}.Release|iPhone.ActiveCfg = Release|iPhone
		{5CC23DFC-D1EF-4315-94B3-0C55DC597D5B}.Release|iPhone.Build.0 = Release|iPhone
		{5CC23DFC-D1EF-4315-94B3-0C55DC597D5B}.Release|iPhone.Deploy.0 = Release|iPhone
		{5CC23DFC-D1EF-4315-94B3-0C55DC597D5B}.Release|iPhoneSimulator.ActiveCfg = Release|iPhoneSimulator
		{5CC23DFC-D1EF-4315-94B3-0C55DC597D5B}.Release|iPhoneSimulator.Build.0 = Release|iPhoneSimulator
		{5CC23DFC-D1EF-4315-94B3-0C55DC597D5B}.Release|iPhoneSimulator.Deploy.0 = Release|iPhoneSimulator
		{68FD441F-6C5E-4E3D-ACAF-77ED94F4A2E9}.Debug|Any CPU.ActiveCfg = Debug|Any CPU
		{68FD441F-6C5E-4E3D-ACAF-77ED94F4A2E9}.Debug|Any CPU.Build.0 = Debug|Any CPU
		{68FD441F-6C5E-4E3D-ACAF-77ED94F4A2E9}.Debug|Any CPU.Deploy.0 = Debug|Any CPU
		{68FD441F-6C5E-4E3D-ACAF-77ED94F4A2E9}.Debug|iPhone.ActiveCfg = Debug|Any CPU
		{68FD441F-6C5E-4E3D-ACAF-77ED94F4A2E9}.Debug|iPhone.Build.0 = Debug|Any CPU
		{68FD441F-6C5E-4E3D-ACAF-77ED94F4A2E9}.Debug|iPhone.Deploy.0 = Debug|Any CPU
		{68FD441F-6C5E-4E3D-ACAF-77ED94F4A2E9}.Debug|iPhoneSimulator.ActiveCfg = Debug|Any CPU
		{68FD441F-6C5E-4E3D-ACAF-77ED94F4A2E9}.Debug|iPhoneSimulator.Build.0 = Debug|Any CPU
		{68FD441F-6C5E-4E3D-ACAF-77ED94F4A2E9}.Debug|iPhoneSimulator.Deploy.0 = Debug|Any CPU
		{68FD441F-6C5E-4E3D-ACAF-77ED94F4A2E9}.Release|Any CPU.ActiveCfg = Release|Any CPU
		{68FD441F-6C5E-4E3D-ACAF-77ED94F4A2E9}.Release|Any CPU.Build.0 = Release|Any CPU
		{68FD441F-6C5E-4E3D-ACAF-77ED94F4A2E9}.Release|Any CPU.Deploy.0 = Release|Any CPU
		{68FD441F-6C5E-4E3D-ACAF-77ED94F4A2E9}.Release|iPhone.ActiveCfg = Release|Any CPU
		{68FD441F-6C5E-4E3D-ACAF-77ED94F4A2E9}.Release|iPhone.Build.0 = Release|Any CPU
		{68FD441F-6C5E-4E3D-ACAF-77ED94F4A2E9}.Release|iPhone.Deploy.0 = Release|Any CPU
		{68FD441F-6C5E-4E3D-ACAF-77ED94F4A2E9}.Release|iPhoneSimulator.ActiveCfg = Release|Any CPU
		{68FD441F-6C5E-4E3D-ACAF-77ED94F4A2E9}.Release|iPhoneSimulator.Build.0 = Release|Any CPU
		{68FD441F-6C5E-4E3D-ACAF-77ED94F4A2E9}.Release|iPhoneSimulator.Deploy.0 = Release|Any CPU
	EndGlobalSection
	GlobalSection(SolutionProperties) = preSolution
		HideSolutionNode = FALSE
	EndGlobalSection
	GlobalSection(ExtensibilityGlobals) = postSolution
		SolutionGuid = {E13C0D84-E6CD-4A5A-BD86-BCB05CA89914}
	EndGlobalSection
EndGlobal
